// !$*UTF8*$!
{
	archiveVersion = 1;
	classes = {
	};
	objectVersion = 50;
	objects = {

/* Begin PBXBuildFile section */
		3B9FEC89263EFD7500A150D0 /* AngielskiCodziennieApp.swift in Sources */ = {isa = PBXBuildFile; fileRef = 3B9FEC88263EFD7500A150D0 /* AngielskiCodziennieApp.swift */; };
		3B9FEC8B263EFD7500A150D0 /* ContentView.swift in Sources */ = {isa = PBXBuildFile; fileRef = 3B9FEC8A263EFD7500A150D0 /* ContentView.swift */; };
		3B9FEC8D263EFD7600A150D0 /* Assets.xcassets in Resources */ = {isa = PBXBuildFile; fileRef = 3B9FEC8C263EFD7600A150D0 /* Assets.xcassets */; };
		3B9FEC90263EFD7600A150D0 /* Preview Assets.xcassets in Resources */ = {isa = PBXBuildFile; fileRef = 3B9FEC8F263EFD7600A150D0 /* Preview Assets.xcassets */; };
/* End PBXBuildFile section */

/* Begin PBXFileReference section */
		3B9FEC85263EFD7500A150D0 /* AngielskiCodziennie.app */ = {isa = PBXFileReference; explicitFileType = wrapper.application; includeInIndex = 0; path = AngielskiCodziennie.app; sourceTree = BUILT_PRODUCTS_DIR; };
		3B9FEC88263EFD7500A150D0 /* AngielskiCodziennieApp.swift */ = {isa = PBXFileReference; lastKnownFileType = sourcecode.swift; path = AngielskiCodziennieApp.swift; sourceTree = "<group>"; };
		3B9FEC8A263EFD7500A150D0 /* ContentView.swift */ = {isa = PBXFileReference; lastKnownFileType = sourcecode.swift; path = ContentView.swift; sourceTree = "<group>"; };
		3B9FEC8C263EFD7600A150D0 /* Assets.xcassets */ = {isa = PBXFileReference; lastKnownFileType = folder.assetcatalog; path = Assets.xcassets; sourceTree = "<group>"; };
		3B9FEC8F263EFD7600A150D0 /* Preview Assets.xcassets */ = {isa = PBXFileReference; lastKnownFileType = folder.assetcatalog; path = "Preview Assets.xcassets"; sourceTree = "<group>"; };
		3B9FEC91263EFD7600A150D0 /* Info.plist */ = {isa = PBXFileReference; lastKnownFileType = text.plist.xml; path = Info.plist; sourceTree = "<group>"; };
/* End PBXFileReference section */

/* Begin PBXFrameworksBuildPhase section */
		3B9FEC82263EFD7500A150D0 /* Frameworks */ = {
			isa = PBXFrameworksBuildPhase;
			buildActionMask = 2147483647;
			files = (
			);
			runOnlyForDeploymentPostprocessing = 0;
		};
/* End PBXFrameworksBuildPhase section */

/* Begin PBXGroup section */
		3B9FEC7C263EFD7500A150D0 = {
			isa = PBXGroup;
			children = (
				3B9FEC87263EFD7500A150D0 /* AngielskiCodziennie */,
				3B9FEC86263EFD7500A150D0 /* Products */,
			);
			sourceTree = "<group>";
		};
		3B9FEC86263EFD7500A150D0 /* Products */ = {
			isa = PBXGroup;
			children = (
				3B9FEC85263EFD7500A150D0 /* AngielskiCodziennie.app */,
			);
			name = Products;
			sourceTree = "<group>";
		};
		3B9FEC87263EFD7500A150D0 /* AngielskiCodziennie */ = {
			isa = PBXGroup;
			children = (
				3B9FEC97263EFDE300A150D0 /* Views */,
				3B9FEC98263EFDEC00A150D0 /* ViewModels */,
				3B9FEC99263EFDF400A150D0 /* Models */,
				3B9FEC9A263EFDFB00A150D0 /* Helpers */,
				3B9FEC9C263EFE1B00A150D0 /* Resources */,
				3B9FEC88263EFD7500A150D0 /* AngielskiCodziennieApp.swift */,
				3B9FEC8C263EFD7600A150D0 /* Assets.xcassets */,
				3B9FEC91263EFD7600A150D0 /* Info.plist */,
				3B9FEC8E263EFD7600A150D0 /* Preview Content */,
			);
			path = AngielskiCodziennie;
			sourceTree = "<group>";
		};
		3B9FEC8E263EFD7600A150D0 /* Preview Content */ = {
			isa = PBXGroup;
			children = (
				3B9FEC8F263EFD7600A150D0 /* Preview Assets.xcassets */,
			);
			path = "Preview Content";
			sourceTree = "<group>";
		};
		3B9FEC97263EFDE300A150D0 /* Views */ = {
			isa = PBXGroup;
			children = (
				3B9FEC8A263EFD7500A150D0 /* ContentView.swift */,
			);
			path = Views;
			sourceTree = "<group>";
		};
		3B9FEC98263EFDEC00A150D0 /* ViewModels */ = {
			isa = PBXGroup;
			children = (
			);
			path = ViewModels;
			sourceTree = "<group>";
		};
		3B9FEC99263EFDF400A150D0 /* Models */ = {
			isa = PBXGroup;
			children = (
			);
			path = Models;
			sourceTree = "<group>";
		};
		3B9FEC9A263EFDFB00A150D0 /* Helpers */ = {
			isa = PBXGroup;
			children = (
			);
			path = Helpers;
			sourceTree = "<group>";
		};
		3B9FEC9C263EFE1B00A150D0 /* Resources */ = {
			isa = PBXGroup;
			children = (
			);
			path = Resources;
			sourceTree = "<group>";
		};
/* End PBXGroup section */

/* Begin PBXNativeTarget section */
		3B9FEC84263EFD7500A150D0 /* AngielskiCodziennie */ = {
			isa = PBXNativeTarget;
			buildConfigurationList = 3B9FEC94263EFD7600A150D0 /* Build configuration list for PBXNativeTarget "AngielskiCodziennie" */;
			buildPhases = (
				3B9FEC81263EFD7500A150D0 /* Sources */,
				3B9FEC82263EFD7500A150D0 /* Frameworks */,
				3B9FEC83263EFD7500A150D0 /* Resources */,
			);
			buildRules = (
			);
			dependencies = (
			);
			name = AngielskiCodziennie;
			productName = AngielskiCodziennie;
			productReference = 3B9FEC85263EFD7500A150D0 /* AngielskiCodziennie.app */;
			productType = "com.apple.product-type.application";
		};
/* End PBXNativeTarget section */

/* Begin PBXProject section */
		3B9FEC7D263EFD7500A150D0 /* Project object */ = {
			isa = PBXProject;
			attributes = {
				LastSwiftUpdateCheck = 1250;
				LastUpgradeCheck = 1250;
				TargetAttributes = {
					3B9FEC84263EFD7500A150D0 = {
						CreatedOnToolsVersion = 12.5;
					};
				};
			};
			buildConfigurationList = 3B9FEC80263EFD7500A150D0 /* Build configuration list for PBXProject "AngielskiCodziennie" */;
			compatibilityVersion = "Xcode 9.3";
			developmentRegion = en;
			hasScannedForEncodings = 0;
			knownRegions = (
				en,
				Base,
			);
			mainGroup = 3B9FEC7C263EFD7500A150D0;
			productRefGroup = 3B9FEC86263EFD7500A150D0 /* Products */;
			projectDirPath = "";
			projectRoot = "";
			targets = (
				3B9FEC84263EFD7500A150D0 /* AngielskiCodziennie */,
			);
		};
/* End PBXProject section */

/* Begin PBXResourcesBuildPhase section */
		3B9FEC83263EFD7500A150D0 /* Resources */ = {
			isa = PBXResourcesBuildPhase;
			buildActionMask = 2147483647;
			files = (
				3B9FEC90263EFD7600A150D0 /* Preview Assets.xcassets in Resources */,
				3B9FEC8D263EFD7600A150D0 /* Assets.xcassets in Resources */,
			);
			runOnlyForDeploymentPostprocessing = 0;
		};
/* End PBXResourcesBuildPhase section */

/* Begin PBXSourcesBuildPhase section */
		3B9FEC81263EFD7500A150D0 /* Sources */ = {
			isa = PBXSourcesBuildPhase;
			buildActionMask = 2147483647;
			files = (
				3B9FEC8B263EFD7500A150D0 /* ContentView.swift in Sources */,
				3B9FEC89263EFD7500A150D0 /* AngielskiCodziennieApp.swift in Sources */,
			);
			runOnlyForDeploymentPostprocessing = 0;
		};
/* End PBXSourcesBuildPhase section */

/* Begin XCBuildConfiguration section */
		3B9FEC92263EFD7600A150D0 /* Debug */ = {
			isa = XCBuildConfiguration;
			buildSettings = {
				ALWAYS_SEARCH_USER_PATHS = NO;
				CLANG_ANALYZER_NONNULL = YES;
				CLANG_ANALYZER_NUMBER_OBJECT_CONVERSION = YES_AGGRESSIVE;
				CLANG_CXX_LANGUAGE_STANDARD = "gnu++14";
				CLANG_CXX_LIBRARY = "libc++";
				CLANG_ENABLE_MODULES = YES;
				CLANG_ENABLE_OBJC_ARC = YES;
				CLANG_ENABLE_OBJC_WEAK = YES;
				CLANG_WARN_BLOCK_CAPTURE_AUTORELEASING = YES;
				CLANG_WARN_BOOL_CONVERSION = YES;
				CLANG_WARN_COMMA = YES;
				CLANG_WARN_CONSTANT_CONVERSION = YES;
				CLANG_WARN_DEPRECATED_OBJC_IMPLEMENTATIONS = YES;
				CLANG_WARN_DIRECT_OBJC_ISA_USAGE = YES_ERROR;
				CLANG_WARN_DOCUMENTATION_COMMENTS = YES;
				CLANG_WARN_EMPTY_BODY = YES;
				CLANG_WARN_ENUM_CONVERSION = YES;
				CLANG_WARN_INFINITE_RECURSION = YES;
				CLANG_WARN_INT_CONVERSION = YES;
				CLANG_WARN_NON_LITERAL_NULL_CONVERSION = YES;
				CLANG_WARN_OBJC_IMPLICIT_RETAIN_SELF = YES;
				CLANG_WARN_OBJC_LITERAL_CONVERSION = YES;
				CLANG_WARN_OBJC_ROOT_CLASS = YES_ERROR;
				CLANG_WARN_QUOTED_INCLUDE_IN_FRAMEWORK_HEADER = YES;
				CLANG_WARN_RANGE_LOOP_ANALYSIS = YES;
				CLANG_WARN_STRICT_PROTOTYPES = YES;
				CLANG_WARN_SUSPICIOUS_MOVE = YES;
				CLANG_WARN_UNGUARDED_AVAILABILITY = YES_AGGRESSIVE;
				CLANG_WARN_UNREACHABLE_CODE = YES;
				CLANG_WARN__DUPLICATE_METHOD_MATCH = YES;
				COPY_PHASE_STRIP = NO;
				DEBUG_INFORMATION_FORMAT = dwarf;
				ENABLE_STRICT_OBJC_MSGSEND = YES;
				ENABLE_TESTABILITY = YES;
				GCC_C_LANGUAGE_STANDARD = gnu11;
				GCC_DYNAMIC_NO_PIC = NO;
				GCC_NO_COMMON_BLOCKS = YES;
				GCC_OPTIMIZATION_LEVEL = 0;
				GCC_PREPROCESSOR_DEFINITIONS = (
					"DEBUG=1",
					"$(inherited)",
				);
				GCC_WARN_64_TO_32_BIT_CONVERSION = YES;
				GCC_WARN_ABOUT_RETURN_TYPE = YES_ERROR;
				GCC_WARN_UNDECLARED_SELECTOR = YES;
				GCC_WARN_UNINITIALIZED_AUTOS = YES_AGGRESSIVE;
				GCC_WARN_UNUSED_FUNCTION = YES;
				GCC_WARN_UNUSED_VARIABLE = YES;
				IPHONEOS_DEPLOYMENT_TARGET = 14.5;
				MTL_ENABLE_DEBUG_INFO = INCLUDE_SOURCE;
				MTL_FAST_MATH = YES;
				ONLY_ACTIVE_ARCH = YES;
				SDKROOT = iphoneos;
				SWIFT_ACTIVE_COMPILATION_CONDITIONS = DEBUG;
				SWIFT_OPTIMIZATION_LEVEL = "-Onone";
			};
			name = Debug;
		};
		3B9FEC93263EFD7600A150D0 /* Release */ = {
			isa = XCBuildConfiguration;
			buildSettings = {
				ALWAYS_SEARCH_USER_PATHS = NO;
				CLANG_ANALYZER_NONNULL = YES;
				CLANG_ANALYZER_NUMBER_OBJECT_CONVERSION = YES_AGGRESSIVE;
				CLANG_CXX_LANGUAGE_STANDARD = "gnu++14";
				CLANG_CXX_LIBRARY = "libc++";
				CLANG_ENABLE_MODULES = YES;
				CLANG_ENABLE_OBJC_ARC = YES;
				CLANG_ENABLE_OBJC_WEAK = YES;
				CLANG_WARN_BLOCK_CAPTURE_AUTORELEASING = YES;
				CLANG_WARN_BOOL_CONVERSION = YES;
				CLANG_WARN_COMMA = YES;
				CLANG_WARN_CONSTANT_CONVERSION = YES;
				CLANG_WARN_DEPRECATED_OBJC_IMPLEMENTATIONS = YES;
				CLANG_WARN_DIRECT_OBJC_ISA_USAGE = YES_ERROR;
				CLANG_WARN_DOCUMENTATION_COMMENTS = YES;
				CLANG_WARN_EMPTY_BODY = YES;
				CLANG_WARN_ENUM_CONVERSION = YES;
				CLANG_WARN_INFINITE_RECURSION = YES;
				CLANG_WARN_INT_CONVERSION = YES;
				CLANG_WARN_NON_LITERAL_NULL_CONVERSION = YES;
				CLANG_WARN_OBJC_IMPLICIT_RETAIN_SELF = YES;
				CLANG_WARN_OBJC_LITERAL_CONVERSION = YES;
				CLANG_WARN_OBJC_ROOT_CLASS = YES_ERROR;
				CLANG_WARN_QUOTED_INCLUDE_IN_FRAMEWORK_HEADER = YES;
				CLANG_WARN_RANGE_LOOP_ANALYSIS = YES;
				CLANG_WARN_STRICT_PROTOTYPES = YES;
				CLANG_WARN_SUSPICIOUS_MOVE = YES;
				CLANG_WARN_UNGUARDED_AVAILABILITY = YES_AGGRESSIVE;
				CLANG_WARN_UNREACHABLE_CODE = YES;
				CLANG_WARN__DUPLICATE_METHOD_MATCH = YES;
				COPY_PHASE_STRIP = NO;
				DEBUG_INFORMATION_FORMAT = "dwarf-with-dsym";
				ENABLE_NS_ASSERTIONS = NO;
				ENABLE_STRICT_OBJC_MSGSEND = YES;
				GCC_C_LANGUAGE_STANDARD = gnu11;
				GCC_NO_COMMON_BLOCKS = YES;
				GCC_WARN_64_TO_32_BIT_CONVERSION = YES;
				GCC_WARN_ABOUT_RETURN_TYPE = YES_ERROR;
				GCC_WARN_UNDECLARED_SELECTOR = YES;
				GCC_WARN_UNINITIALIZED_AUTOS = YES_AGGRESSIVE;
				GCC_WARN_UNUSED_FUNCTION = YES;
				GCC_WARN_UNUSED_VARIABLE = YES;
				IPHONEOS_DEPLOYMENT_TARGET = 14.5;
				MTL_ENABLE_DEBUG_INFO = NO;
				MTL_FAST_MATH = YES;
				SDKROOT = iphoneos;
				SWIFT_COMPILATION_MODE = wholemodule;
				SWIFT_OPTIMIZATION_LEVEL = "-O";
				VALIDATE_PRODUCT = YES;
			};
			name = Release;
		};
		3B9FEC95263EFD7600A150D0 /* Debug */ = {
			isa = XCBuildConfiguration;
			buildSettings = {
				ASSETCATALOG_COMPILER_APPICON_NAME = AppIcon;
				ASSETCATALOG_COMPILER_GLOBAL_ACCENT_COLOR_NAME = AccentColor;
				CODE_SIGN_STYLE = Automatic;
				DEVELOPMENT_ASSET_PATHS = "\"AngielskiCodziennie/Preview Content\"";
				DEVELOPMENT_TEAM = R6Y4FQ58TJ;
				ENABLE_PREVIEWS = YES;
				INFOPLIST_FILE = AngielskiCodziennie/Info.plist;
				IPHONEOS_DEPLOYMENT_TARGET = 14.0;
				LD_RUNPATH_SEARCH_PATHS = (
					"$(inherited)",
					"@executable_path/Frameworks",
				);
				PRODUCT_BUNDLE_IDENTIFIER = "Jakub-Bardzinski.AngielskiCodziennie";
				PRODUCT_NAME = "$(TARGET_NAME)";
				SWIFT_VERSION = 5.0;
				TARGETED_DEVICE_FAMILY = "1,2";
			};
			name = Debug;
		};
		3B9FEC96263EFD7600A150D0 /* Release */ = {
			isa = XCBuildConfiguration;
			buildSettings = {
				ASSETCATALOG_COMPILER_APPICON_NAME = AppIcon;
				ASSETCATALOG_COMPILER_GLOBAL_ACCENT_COLOR_NAME = AccentColor;
				CODE_SIGN_STYLE = Automatic;
				DEVELOPMENT_ASSET_PATHS = "\"AngielskiCodziennie/Preview Content\"";
				DEVELOPMENT_TEAM = R6Y4FQ58TJ;
				ENABLE_PREVIEWS = YES;
				INFOPLIST_FILE = AngielskiCodziennie/Info.plist;
				IPHONEOS_DEPLOYMENT_TARGET = 14.0;
				LD_RUNPATH_SEARCH_PATHS = (
					"$(inherited)",
					"@executable_path/Frameworks",
				);
				PRODUCT_BUNDLE_IDENTIFIER = "Jakub-Bardzinski.AngielskiCodziennie";
				PRODUCT_NAME = "$(TARGET_NAME)";
				SWIFT_VERSION = 5.0;
				TARGETED_DEVICE_FAMILY = "1,2";
			};
			name = Release;
		};
/* End XCBuildConfiguration section */

/* Begin XCConfigurationList section */
		3B9FEC80263EFD7500A150D0 /* Build configuration list for PBXProject "AngielskiCodziennie" */ = {
			isa = XCConfigurationList;
			buildConfigurations = (
				3B9FEC92263EFD7600A150D0 /* Debug */,
				3B9FEC93263EFD7600A150D0 /* Release */,
			);
			defaultConfigurationIsVisible = 0;
			defaultConfigurationName = Release;
		};
		3B9FEC94263EFD7600A150D0 /* Build configuration list for PBXNativeTarget "AngielskiCodziennie" */ = {
			isa = XCConfigurationList;
			buildConfigurations = (
				3B9FEC95263EFD7600A150D0 /* Debug */,
				3B9FEC96263EFD7600A150D0 /* Release */,
			);
			defaultConfigurationIsVisible = 0;
			defaultConfigurationName = Release;
		};
/* End XCConfigurationList section */
	};
	rootObject = 3B9FEC7D263EFD7500A150D0 /* Project object */;
}
